
Microsoft Visual Studio Solution File, Format Version 12.00
# Visual Studio Version 16
VisualStudioVersion = 16.0.30413.136
MinimumVisualStudioVersion = 10.0.40219.1
Project("{FAE04EC0-301F-11D3-BF4B-00C04F79EFBC}") = "HomeWorksWPF", "HomeWorksWPF.csproj", "{3D4EF279-E83E-4812-BA56-95BB1FA3A066}"
EndProject
Global
	GlobalSection(SolutionConfigurationPlatforms) = preSolution
		Debug|Any CPU = Debug|Any CPU
		Release|Any CPU = Release|Any CPU
	EndGlobalSection
	GlobalSection(ProjectConfigurationPlatforms) = postSolution
		{3D4EF279-E83E-4812-BA56-95BB1FA3A066}.Debug|Any CPU.ActiveCfg = Debug|Any CPU
		{3D4EF279-E83E-4812-BA56-95BB1FA3A066}.Debug|Any CPU.Build.0 = Debug|Any CPU
		{3D4EF279-E83E-4812-BA56-95BB1FA3A066}.Release|Any CPU.ActiveCfg = Release|Any CPU
		{3D4EF279-E83E-4812-BA56-95BB1FA3A066}.Release|Any CPU.Build.0 = Release|Any CPU
	EndGlobalSection
	GlobalSection(SolutionProperties) = preSolution
		HideSolutionNode = FALSE
	EndGlobalSection
	GlobalSection(ExtensibilityGlobals) = postSolution
		SolutionGuid = {96CB5728-D8A3-42FE-8A03-8EC65534B7DE}
	EndGlobalSection
EndGlobal
